{
  "object": {
    "pins": [
      {
        "package": "Apollo",
        "repositoryURL": "https://github.com/apollographql/apollo-ios.git",
        "state": {
          "branch": null,
          "revision": "20624dcda81967b3c6231a222820d214468ff65f",
          "version": "0.9.3"
        }
      },
      {
        "package": "Commander",
        "repositoryURL": "https://github.com/kylef/Commander",
        "state": {
          "branch": null,
          "revision": "e5b50ad7b2e91eeb828393e89b03577b16be7db9",
          "version": "0.8.0"
        }
      },
      {
        "package": "Core",
        "repositoryURL": "https://github.com/vapor/core.git",
        "state": {
          "branch": null,
          "revision": "96ce86ebf9198328795c4b9cb711489460be083c",
          "version": "3.4.4"
        }
      },
      {
        "package": "GraphQL",
        "repositoryURL": "https://github.com/GraphQLSwift/GraphQL.git",
        "state": {
          "branch": null,
          "revision": "1ab3c9050cb0aea4350dbc343454bb8c83adff34",
          "version": "0.6.0"
        }
      },
      {
        "package": "Runtime",
        "repositoryURL": "https://github.com/wickwirew/Runtime.git",
        "state": {
          "branch": null,
          "revision": "23357609f0df427d870bb4bd22ac14e0a4ea1346",
          "version": "0.7.1"
        }
      },
      {
        "package": "Spectre",
        "repositoryURL": "https://github.com/kylef/Spectre.git",
        "state": {
          "branch": null,
          "revision": "f14ff47f45642aa5703900980b014c2e9394b6e5",
          "version": "0.9.0"
        }
      },
      {
        "package": "swift-nio",
        "repositoryURL": "https://github.com/apple/swift-nio.git",
        "state": {
          "branch": null,
          "revision": "5d8148c8b45dfb449276557f22120694567dd1d2",
          "version": "1.9.5"
        }
      },
      {
        "package": "swift-nio-zlib-support",
        "repositoryURL": "https://github.com/apple/swift-nio-zlib-support.git",
        "state": {
          "branch": null,
          "revision": "37760e9a52030bb9011972c5213c3350fa9d41fd",
          "version": "1.0.0"
        }
      }
    ]
  },
  "version": 1
}
